
Microsoft Visual Studio Solution File, Format Version 12.00
# Visual Studio Version 16
VisualStudioVersion = 16.0.30907.101
MinimumVisualStudioVersion = 10.0.40219.1
Project("{FAE04EC0-301F-11D3-BF4B-00C04F79EFBC}") = "01_TypesAndVariables", "01_TypesAndVariables\01_TypesAndVariables.csproj", "{BD0B40E5-77FA-41FB-B13E-6E87BE04FB96}"
EndProject
Project("{FAE04EC0-301F-11D3-BF4B-00C04F79EFBC}") = "02_Operators", "02_Operators\02_Operators.csproj", "{486F9A0D-FA37-40E8-8310-39D22EA77BF7}"
EndProject
Project("{FAE04EC0-301F-11D3-BF4B-00C04F79EFBC}") = "03_Conditionals", "03_Conditionals\03_Conditionals.csproj", "{500E6E50-9962-4E65-8EED-A9B81414DA36}"
EndProject
Project("{FAE04EC0-301F-11D3-BF4B-00C04F79EFBC}") = "04_Loops", "04_Loops\04_Loops.csproj", "{F50B5CEC-7B46-40B8-A3D9-972E6942AE01}"
EndProject
Project("{FAE04EC0-301F-11D3-BF4B-00C04F79EFBC}") = "05_Classes", "05_Classes\05_Classes.csproj", "{AE9FEC26-4B67-4621-9CDD-E3F345432674}"
EndProject
Project("{FAE04EC0-301F-11D3-BF4B-00C04F79EFBC}") = "06_Inheritance", "06_Inheritance\06_Inheritance.csproj", "{056EA08D-C18D-43CE-8062-0959526F6A20}"
EndProject
Project("{FAE04EC0-301F-11D3-BF4B-00C04F79EFBC}") = "07_RepositoryPattern_Repo", "07_RepositoryPattern_Repo\07_RepositoryPattern_Repo.csproj", "{D347CCE2-CAA7-47CB-883F-9E0427DF24D5}"
EndProject
Project("{FAE04EC0-301F-11D3-BF4B-00C04F79EFBC}") = "08_RepositoryPattern_Tests", "08_RepositoryPattern_Tests\08_RepositoryPattern_Tests.csproj", "{B2042A2E-4D0A-4BEC-A602-3D346E89D45B}"
EndProject
Project("{FAE04EC0-301F-11D3-BF4B-00C04F79EFBC}") = "09_StreamingContent_Console", "09_StreamingContent_Console\09_StreamingContent_Console.csproj", "{54952393-CEF4-4CF7-A6B4-AB1DA9329599}"
EndProject
Project("{FAE04EC0-301F-11D3-BF4B-00C04F79EFBC}") = "ArtGallery", "ArtGallery\ArtGallery.csproj", "{3F86828C-2B6C-48D6-A802-787087CFD7BC}"
EndProject
Project("{FAE04EC0-301F-11D3-BF4B-00C04F79EFBC}") = "FizzBuzz", "FizzBuzz\FizzBuzz.csproj", "{B76F5888-85DD-4E87-BAC2-75C828D9BA23}"
EndProject
Project("{FAE04EC0-301F-11D3-BF4B-00C04F79EFBC}") = "10_Interfaces", "10_Interfaces\10_Interfaces.csproj", "{5FAFDB31-A34C-4A72-8595-150CB871E178}"
EndProject
Project("{FAE04EC0-301F-11D3-BF4B-00C04F79EFBC}") = "11_IConsole", "11_IConsole\11_IConsole.csproj", "{2231E111-C386-4AFB-B3DC-FC3EE3C540E0}"
EndProject
Project("{FAE04EC0-301F-11D3-BF4B-00C04F79EFBC}") = "Repo_Challenge", "Repo_Challenge\Repo_Challenge.csproj", "{366383C3-DF2A-4429-8AA1-FCC2632D25C2}"
EndProject
Project("{FAE04EC0-301F-11D3-BF4B-00C04F79EFBC}") = "12_APIs", "12_APIs\12_APIs.csproj", "{F13AEE5C-0CAF-4954-808A-A6C2DCCD5346}"
EndProject
Project("{FAE04EC0-301F-11D3-BF4B-00C04F79EFBC}") = "13_RestaurantRater", "13_RestaurantRater\13_RestaurantRater.csproj", "{1D84026E-4AAD-450C-922A-2C0A527C2959}"
EndProject
Global
	GlobalSection(SolutionConfigurationPlatforms) = preSolution
		Debug|Any CPU = Debug|Any CPU
		Release|Any CPU = Release|Any CPU
	EndGlobalSection
	GlobalSection(ProjectConfigurationPlatforms) = postSolution
		{BD0B40E5-77FA-41FB-B13E-6E87BE04FB96}.Debug|Any CPU.ActiveCfg = Debug|Any CPU
		{BD0B40E5-77FA-41FB-B13E-6E87BE04FB96}.Debug|Any CPU.Build.0 = Debug|Any CPU
		{BD0B40E5-77FA-41FB-B13E-6E87BE04FB96}.Release|Any CPU.ActiveCfg = Release|Any CPU
		{BD0B40E5-77FA-41FB-B13E-6E87BE04FB96}.Release|Any CPU.Build.0 = Release|Any CPU
		{486F9A0D-FA37-40E8-8310-39D22EA77BF7}.Debug|Any CPU.ActiveCfg = Debug|Any CPU
		{486F9A0D-FA37-40E8-8310-39D22EA77BF7}.Debug|Any CPU.Build.0 = Debug|Any CPU
		{486F9A0D-FA37-40E8-8310-39D22EA77BF7}.Release|Any CPU.ActiveCfg = Release|Any CPU
		{486F9A0D-FA37-40E8-8310-39D22EA77BF7}.Release|Any CPU.Build.0 = Release|Any CPU
		{500E6E50-9962-4E65-8EED-A9B81414DA36}.Debug|Any CPU.ActiveCfg = Debug|Any CPU
		{500E6E50-9962-4E65-8EED-A9B81414DA36}.Debug|Any CPU.Build.0 = Debug|Any CPU
		{500E6E50-9962-4E65-8EED-A9B81414DA36}.Release|Any CPU.ActiveCfg = Release|Any CPU
		{500E6E50-9962-4E65-8EED-A9B81414DA36}.Release|Any CPU.Build.0 = Release|Any CPU
		{F50B5CEC-7B46-40B8-A3D9-972E6942AE01}.Debug|Any CPU.ActiveCfg = Debug|Any CPU
		{F50B5CEC-7B46-40B8-A3D9-972E6942AE01}.Debug|Any CPU.Build.0 = Debug|Any CPU
		{F50B5CEC-7B46-40B8-A3D9-972E6942AE01}.Release|Any CPU.ActiveCfg = Release|Any CPU
		{F50B5CEC-7B46-40B8-A3D9-972E6942AE01}.Release|Any CPU.Build.0 = Release|Any CPU
		{AE9FEC26-4B67-4621-9CDD-E3F345432674}.Debug|Any CPU.ActiveCfg = Debug|Any CPU
		{AE9FEC26-4B67-4621-9CDD-E3F345432674}.Debug|Any CPU.Build.0 = Debug|Any CPU
		{AE9FEC26-4B67-4621-9CDD-E3F345432674}.Release|Any CPU.ActiveCfg = Release|Any CPU
		{AE9FEC26-4B67-4621-9CDD-E3F345432674}.Release|Any CPU.Build.0 = Release|Any CPU
		{056EA08D-C18D-43CE-8062-0959526F6A20}.Debug|Any CPU.ActiveCfg = Debug|Any CPU
		{056EA08D-C18D-43CE-8062-0959526F6A20}.Debug|Any CPU.Build.0 = Debug|Any CPU
		{056EA08D-C18D-43CE-8062-0959526F6A20}.Release|Any CPU.ActiveCfg = Release|Any CPU
		{056EA08D-C18D-43CE-8062-0959526F6A20}.Release|Any CPU.Build.0 = Release|Any CPU
		{D347CCE2-CAA7-47CB-883F-9E0427DF24D5}.Debug|Any CPU.ActiveCfg = Debug|Any CPU
		{D347CCE2-CAA7-47CB-883F-9E0427DF24D5}.Debug|Any CPU.Build.0 = Debug|Any CPU
		{D347CCE2-CAA7-47CB-883F-9E0427DF24D5}.Release|Any CPU.ActiveCfg = Release|Any CPU
		{D347CCE2-CAA7-47CB-883F-9E0427DF24D5}.Release|Any CPU.Build.0 = Release|Any CPU
		{B2042A2E-4D0A-4BEC-A602-3D346E89D45B}.Debug|Any CPU.ActiveCfg = Debug|Any CPU
		{B2042A2E-4D0A-4BEC-A602-3D346E89D45B}.Debug|Any CPU.Build.0 = Debug|Any CPU
		{B2042A2E-4D0A-4BEC-A602-3D346E89D45B}.Release|Any CPU.ActiveCfg = Release|Any CPU
		{B2042A2E-4D0A-4BEC-A602-3D346E89D45B}.Release|Any CPU.Build.0 = Release|Any CPU
		{54952393-CEF4-4CF7-A6B4-AB1DA9329599}.Debug|Any CPU.ActiveCfg = Debug|Any CPU
		{54952393-CEF4-4CF7-A6B4-AB1DA9329599}.Debug|Any CPU.Build.0 = Debug|Any CPU
		{54952393-CEF4-4CF7-A6B4-AB1DA9329599}.Release|Any CPU.ActiveCfg = Release|Any CPU
		{54952393-CEF4-4CF7-A6B4-AB1DA9329599}.Release|Any CPU.Build.0 = Release|Any CPU
		{3F86828C-2B6C-48D6-A802-787087CFD7BC}.Debug|Any CPU.ActiveCfg = Debug|Any CPU
		{3F86828C-2B6C-48D6-A802-787087CFD7BC}.Debug|Any CPU.Build.0 = Debug|Any CPU
		{3F86828C-2B6C-48D6-A802-787087CFD7BC}.Release|Any CPU.ActiveCfg = Release|Any CPU
		{3F86828C-2B6C-48D6-A802-787087CFD7BC}.Release|Any CPU.Build.0 = Release|Any CPU
		{B76F5888-85DD-4E87-BAC2-75C828D9BA23}.Debug|Any CPU.ActiveCfg = Debug|Any CPU
		{B76F5888-85DD-4E87-BAC2-75C828D9BA23}.Debug|Any CPU.Build.0 = Debug|Any CPU
		{B76F5888-85DD-4E87-BAC2-75C828D9BA23}.Release|Any CPU.ActiveCfg = Release|Any CPU
		{B76F5888-85DD-4E87-BAC2-75C828D9BA23}.Release|Any CPU.Build.0 = Release|Any CPU
		{5FAFDB31-A34C-4A72-8595-150CB871E178}.Debug|Any CPU.ActiveCfg = Debug|Any CPU
		{5FAFDB31-A34C-4A72-8595-150CB871E178}.Debug|Any CPU.Build.0 = Debug|Any CPU
		{5FAFDB31-A34C-4A72-8595-150CB871E178}.Release|Any CPU.ActiveCfg = Release|Any CPU
		{5FAFDB31-A34C-4A72-8595-150CB871E178}.Release|Any CPU.Build.0 = Release|Any CPU
		{2231E111-C386-4AFB-B3DC-FC3EE3C540E0}.Debug|Any CPU.ActiveCfg = Debug|Any CPU
		{2231E111-C386-4AFB-B3DC-FC3EE3C540E0}.Debug|Any CPU.Build.0 = Debug|Any CPU
		{2231E111-C386-4AFB-B3DC-FC3EE3C540E0}.Release|Any CPU.ActiveCfg = Release|Any CPU
		{2231E111-C386-4AFB-B3DC-FC3EE3C540E0}.Release|Any CPU.Build.0 = Release|Any CPU
		{366383C3-DF2A-4429-8AA1-FCC2632D25C2}.Debug|Any CPU.ActiveCfg = Debug|Any CPU
		{366383C3-DF2A-4429-8AA1-FCC2632D25C2}.Debug|Any CPU.Build.0 = Debug|Any CPU
		{366383C3-DF2A-4429-8AA1-FCC2632D25C2}.Release|Any CPU.ActiveCfg = Release|Any CPU
		{366383C3-DF2A-4429-8AA1-FCC2632D25C2}.Release|Any CPU.Build.0 = Release|Any CPU
		{F13AEE5C-0CAF-4954-808A-A6C2DCCD5346}.Debug|Any CPU.ActiveCfg = Debug|Any CPU
		{F13AEE5C-0CAF-4954-808A-A6C2DCCD5346}.Debug|Any CPU.Build.0 = Debug|Any CPU
		{F13AEE5C-0CAF-4954-808A-A6C2DCCD5346}.Release|Any CPU.ActiveCfg = Release|Any CPU
		{F13AEE5C-0CAF-4954-808A-A6C2DCCD5346}.Release|Any CPU.Build.0 = Release|Any CPU
		{1D84026E-4AAD-450C-922A-2C0A527C2959}.Debug|Any CPU.ActiveCfg = Debug|Any CPU
		{1D84026E-4AAD-450C-922A-2C0A527C2959}.Debug|Any CPU.Build.0 = Debug|Any CPU
		{1D84026E-4AAD-450C-922A-2C0A527C2959}.Release|Any CPU.ActiveCfg = Release|Any CPU
		{1D84026E-4AAD-450C-922A-2C0A527C2959}.Release|Any CPU.Build.0 = Release|Any CPU
	EndGlobalSection
	GlobalSection(SolutionProperties) = preSolution
		HideSolutionNode = FALSE
	EndGlobalSection
	GlobalSection(ExtensibilityGlobals) = postSolution
		SolutionGuid = {76AA2E04-BA35-4AD6-9A28-C10FE6FD1710}
	EndGlobalSection
EndGlobal
